
Microsoft Visual Studio Solution File, Format Version 12.00
# Visual Studio Version 16
VisualStudioVersion = 16.0.31205.134
MinimumVisualStudioVersion = 10.0.40219.1
Project("{FAE04EC0-301F-11D3-BF4B-00C04F79EFBC}") = "Utad.Lab.CodingFilm", "Utad.Lab.CodingFilm\Utad.Lab.CodingFilm.csproj", "{42B20353-D1E8-4C33-862A-173019E4B21E}"
EndProject
Global
	GlobalSection(SolutionConfigurationPlatforms) = preSolution
		Debug|Any CPU = Debug|Any CPU
		Release|Any CPU = Release|Any CPU
	EndGlobalSection
	GlobalSection(ProjectConfigurationPlatforms) = postSolution
		{42B20353-D1E8-4C33-862A-173019E4B21E}.Debug|Any CPU.ActiveCfg = Debug|Any CPU
		{42B20353-D1E8-4C33-862A-173019E4B21E}.Debug|Any CPU.Build.0 = Debug|Any CPU
		{42B20353-D1E8-4C33-862A-173019E4B21E}.Release|Any CPU.ActiveCfg = Release|Any CPU
		{42B20353-D1E8-4C33-862A-173019E4B21E}.Release|Any CPU.Build.0 = Release|Any CPU
	EndGlobalSection
	GlobalSection(SolutionProperties) = preSolution
		HideSolutionNode = FALSE
	EndGlobalSection
	GlobalSection(ExtensibilityGlobals) = postSolution
		SolutionGuid = {90EFC41F-AD17-43EB-B352-B41A042614A9}
	EndGlobalSection
EndGlobal
